
Microsoft Visual Studio Solution File, Format Version 12.00
# Visual Studio 14
VisualStudioVersion = 14.0.25123.0
MinimumVisualStudioVersion = 10.0.40219.1
Project("{FAE04EC0-301F-11D3-BF4B-00C04F79EFBC}") = "MVCSanta", "MVCSanta\MVCSanta.csproj", "{61FCD245-06A4-45ED-BB7C-623B970A90D0}"
EndProject
Global
	GlobalSection(SolutionConfigurationPlatforms) = preSolution
		Debug|Any CPU = Debug|Any CPU
		Release|Any CPU = Release|Any CPU
	EndGlobalSection
	GlobalSection(ProjectConfigurationPlatforms) = postSolution
		{61FCD245-06A4-45ED-BB7C-623B970A90D0}.Debug|Any CPU.ActiveCfg = Debug|Any CPU
		{61FCD245-06A4-45ED-BB7C-623B970A90D0}.Debug|Any CPU.Build.0 = Debug|Any CPU
		{61FCD245-06A4-45ED-BB7C-623B970A90D0}.Release|Any CPU.ActiveCfg = Release|Any CPU
		{61FCD245-06A4-45ED-BB7C-623B970A90D0}.Release|Any CPU.Build.0 = Release|Any CPU
	EndGlobalSection
	GlobalSection(SolutionProperties) = preSolution
		HideSolutionNode = FALSE
	EndGlobalSection
EndGlobal
